
Microsoft Visual Studio Solution File, Format Version 12.00
# Visual Studio Version 17
VisualStudioVersion = 17.3.32901.215
MinimumVisualStudioVersion = 10.0.40219.1
Project("{FAE04EC0-301F-11D3-BF4B-00C04F79EFBC}") = "ExerciceSomatif2", "ExerciceSomatif2\ExerciceSomatif2.csproj", "{C8725B00-C1D2-44B7-B887-5A5FCF09CD40}"
EndProject
Global
	GlobalSection(SolutionConfigurationPlatforms) = preSolution
		Debug|Any CPU = Debug|Any CPU
		Release|Any CPU = Release|Any CPU
	EndGlobalSection
	GlobalSection(ProjectConfigurationPlatforms) = postSolution
		{C8725B00-C1D2-44B7-B887-5A5FCF09CD40}.Debug|Any CPU.ActiveCfg = Debug|Any CPU
		{C8725B00-C1D2-44B7-B887-5A5FCF09CD40}.Debug|Any CPU.Build.0 = Debug|Any CPU
		{C8725B00-C1D2-44B7-B887-5A5FCF09CD40}.Release|Any CPU.ActiveCfg = Release|Any CPU
		{C8725B00-C1D2-44B7-B887-5A5FCF09CD40}.Release|Any CPU.Build.0 = Release|Any CPU
	EndGlobalSection
	GlobalSection(SolutionProperties) = preSolution
		HideSolutionNode = FALSE
	EndGlobalSection
	GlobalSection(ExtensibilityGlobals) = postSolution
		SolutionGuid = {477BA173-628D-44F8-85D4-8D08DDFFB829}
	EndGlobalSection
EndGlobal
